
Microsoft Visual Studio Solution File, Format Version 12.00
# Visual Studio 15
VisualStudioVersion = 15.0.28307.1062
MinimumVisualStudioVersion = 10.0.40219.1
Project("{FAE04EC0-301F-11D3-BF4B-00C04F79EFBC}") = "BackendWebApp", "BackendWebApp\BackendWebApp.csproj", "{926B0CE3-7EC4-4D83-90B1-C5F1B8538EE9}"
EndProject
Project("{FAE04EC0-301F-11D3-BF4B-00C04F79EFBC}") = "Products.Repository", "Products.Repository\Products.Repository.csproj", "{6FB4F052-4B47-487E-B582-F45887F8064B}"
EndProject
Global
	GlobalSection(SolutionConfigurationPlatforms) = preSolution
		Debug|Any CPU = Debug|Any CPU
		Release|Any CPU = Release|Any CPU
	EndGlobalSection
	GlobalSection(ProjectConfigurationPlatforms) = postSolution
		{926B0CE3-7EC4-4D83-90B1-C5F1B8538EE9}.Debug|Any CPU.ActiveCfg = Debug|Any CPU
		{926B0CE3-7EC4-4D83-90B1-C5F1B8538EE9}.Debug|Any CPU.Build.0 = Debug|Any CPU
		{926B0CE3-7EC4-4D83-90B1-C5F1B8538EE9}.Release|Any CPU.ActiveCfg = Release|Any CPU
		{926B0CE3-7EC4-4D83-90B1-C5F1B8538EE9}.Release|Any CPU.Build.0 = Release|Any CPU
		{6FB4F052-4B47-487E-B582-F45887F8064B}.Debug|Any CPU.ActiveCfg = Debug|Any CPU
		{6FB4F052-4B47-487E-B582-F45887F8064B}.Debug|Any CPU.Build.0 = Debug|Any CPU
		{6FB4F052-4B47-487E-B582-F45887F8064B}.Release|Any CPU.ActiveCfg = Release|Any CPU
		{6FB4F052-4B47-487E-B582-F45887F8064B}.Release|Any CPU.Build.0 = Release|Any CPU
	EndGlobalSection
	GlobalSection(SolutionProperties) = preSolution
		HideSolutionNode = FALSE
	EndGlobalSection
	GlobalSection(ExtensibilityGlobals) = postSolution
		SolutionGuid = {A8AFBE97-4BE4-4686-B973-46B859F77992}
	EndGlobalSection
EndGlobal
